// !$*UTF8*$!
{
	archiveVersion = 1;
	classes = {
	};
	objectVersion = 50;
	objects = {

/* Begin PBXBuildFile section */
		FAA9D799212EC05300F888B5 /* AppDelegate.swift in Sources */ = {isa = PBXBuildFile; fileRef = FAA9D798212EC05300F888B5 /* AppDelegate.swift */; };
		FAA9D79B212EC05300F888B5 /* ViewController.swift in Sources */ = {isa = PBXBuildFile; fileRef = FAA9D79A212EC05300F888B5 /* ViewController.swift */; };
		FAA9D79E212EC05300F888B5 /* Main.storyboard in Resources */ = {isa = PBXBuildFile; fileRef = FAA9D79C212EC05300F888B5 /* Main.storyboard */; };
		FAA9D7A0212EC05A00F888B5 /* Assets.xcassets in Resources */ = {isa = PBXBuildFile; fileRef = FAA9D79F212EC05A00F888B5 /* Assets.xcassets */; };
		FAA9D7A3212EC05A00F888B5 /* LaunchScreen.storyboard in Resources */ = {isa = PBXBuildFile; fileRef = FAA9D7A1212EC05A00F888B5 /* LaunchScreen.storyboard */; };
		FAA9D7BC212EC10800F888B5 /* Aa.wav in Resources */ = {isa = PBXBuildFile; fileRef = FAA9D7AB212EC0F300F888B5 /* Aa.wav */; };
		FAA9D7BD212EC10800F888B5 /* C.wav in Resources */ = {isa = PBXBuildFile; fileRef = FAA9D7AC212EC0F400F888B5 /* C.wav */; };
		FAA9D7BE212EC10800F888B5 /* C4.wav in Resources */ = {isa = PBXBuildFile; fileRef = FAA9D7AD212EC0F500F888B5 /* C4.wav */; };
		FAA9D7BF212EC10800F888B5 /* Ee.wav in Resources */ = {isa = PBXBuildFile; fileRef = FAA9D7AE212EC0F600F888B5 /* Ee.wav */; };
		FAA9D7C0212EC10800F888B5 /* F.wav in Resources */ = {isa = PBXBuildFile; fileRef = FAA9D7AF212EC0F700F888B5 /* F.wav */; };
		FAA9D7C1212EC10800F888B5 /* G.wav in Resources */ = {isa = PBXBuildFile; fileRef = FAA9D7B0212EC0F800F888B5 /* G.wav */; };
		FAA9D7C2212EC10800F888B5 /* C3.wav in Resources */ = {isa = PBXBuildFile; fileRef = FAA9D7B1212EC0F900F888B5 /* C3.wav */; };
		FAA9D7C3212EC10800F888B5 /* D.wav in Resources */ = {isa = PBXBuildFile; fileRef = FAA9D7B2212EC0FA00F888B5 /* D.wav */; };
		FAA9D7C4212EC10800F888B5 /* Piano.mf.C8.aiff in Resources */ = {isa = PBXBuildFile; fileRef = FAA9D7B3212EC0FC00F888B5 /* Piano.mf.C8.aiff */; };
		FAA9D7C5212EC10800F888B5 /* E.wav in Resources */ = {isa = PBXBuildFile; fileRef = FAA9D7B4212EC0FE00F888B5 /* E.wav */; };
		FAA9D7C6212EC10800F888B5 /* Bb.wav in Resources */ = {isa = PBXBuildFile; fileRef = FAA9D7B5212EC0FF00F888B5 /* Bb.wav */; };
		FAA9D7C7212EC10800F888B5 /* Cc.wav in Resources */ = {isa = PBXBuildFile; fileRef = FAA9D7B6212EC10100F888B5 /* Cc.wav */; };
		FAA9D7C8212EC10800F888B5 /* A.wav in Resources */ = {isa = PBXBuildFile; fileRef = FAA9D7B7212EC10200F888B5 /* A.wav */; };
		FAA9D7C9212EC10800F888B5 /* Dd.wav in Resources */ = {isa = PBXBuildFile; fileRef = FAA9D7B8212EC10400F888B5 /* Dd.wav */; };
		FAA9D7CA212EC10800F888B5 /* Ff.wav in Resources */ = {isa = PBXBuildFile; fileRef = FAA9D7B9212EC10500F888B5 /* Ff.wav */; };
		FAA9D7CB212EC10800F888B5 /* B.wav in Resources */ = {isa = PBXBuildFile; fileRef = FAA9D7BA212EC10600F888B5 /* B.wav */; };
		FAA9D7CC212EC10800F888B5 /* Gg.wav in Resources */ = {isa = PBXBuildFile; fileRef = FAA9D7BB212EC10700F888B5 /* Gg.wav */; };
/* End PBXBuildFile section */

/* Begin PBXFileReference section */
		FAA9D795212EC05200F888B5 /* IOS-Swift-OneOctavePiano.app */ = {isa = PBXFileReference; explicitFileType = wrapper.application; includeInIndex = 0; path = "IOS-Swift-OneOctavePiano.app"; sourceTree = BUILT_PRODUCTS_DIR; };
		FAA9D798212EC05300F888B5 /* AppDelegate.swift */ = {isa = PBXFileReference; lastKnownFileType = sourcecode.swift; path = AppDelegate.swift; sourceTree = "<group>"; };
		FAA9D79A212EC05300F888B5 /* ViewController.swift */ = {isa = PBXFileReference; lastKnownFileType = sourcecode.swift; path = ViewController.swift; sourceTree = "<group>"; };
		FAA9D79D212EC05300F888B5 /* Base */ = {isa = PBXFileReference; lastKnownFileType = file.storyboard; name = Base; path = Base.lproj/Main.storyboard; sourceTree = "<group>"; };
		FAA9D79F212EC05A00F888B5 /* Assets.xcassets */ = {isa = PBXFileReference; lastKnownFileType = folder.assetcatalog; path = Assets.xcassets; sourceTree = "<group>"; };
		FAA9D7A2212EC05A00F888B5 /* Base */ = {isa = PBXFileReference; lastKnownFileType = file.storyboard; name = Base; path = Base.lproj/LaunchScreen.storyboard; sourceTree = "<group>"; };
		FAA9D7A4212EC05A00F888B5 /* Info.plist */ = {isa = PBXFileReference; lastKnownFileType = text.plist.xml; path = Info.plist; sourceTree = "<group>"; };
		FAA9D7AB212EC0F300F888B5 /* Aa.wav */ = {isa = PBXFileReference; lastKnownFileType = audio.wav; path = Aa.wav; sourceTree = "<group>"; };
		FAA9D7AC212EC0F400F888B5 /* C.wav */ = {isa = PBXFileReference; lastKnownFileType = audio.wav; path = C.wav; sourceTree = "<group>"; };
		FAA9D7AD212EC0F500F888B5 /* C4.wav */ = {isa = PBXFileReference; lastKnownFileType = audio.wav; path = C4.wav; sourceTree = "<group>"; };
		FAA9D7AE212EC0F600F888B5 /* Ee.wav */ = {isa = PBXFileReference; lastKnownFileType = audio.wav; path = Ee.wav; sourceTree = "<group>"; };
		FAA9D7AF212EC0F700F888B5 /* F.wav */ = {isa = PBXFileReference; lastKnownFileType = audio.wav; path = F.wav; sourceTree = "<group>"; };
		FAA9D7B0212EC0F800F888B5 /* G.wav */ = {isa = PBXFileReference; lastKnownFileType = audio.wav; path = G.wav; sourceTree = "<group>"; };
		FAA9D7B1212EC0F900F888B5 /* C3.wav */ = {isa = PBXFileReference; lastKnownFileType = audio.wav; path = C3.wav; sourceTree = "<group>"; };
		FAA9D7B2212EC0FA00F888B5 /* D.wav */ = {isa = PBXFileReference; lastKnownFileType = audio.wav; path = D.wav; sourceTree = "<group>"; };
		FAA9D7B3212EC0FC00F888B5 /* Piano.mf.C8.aiff */ = {isa = PBXFileReference; lastKnownFileType = audio.aiff; path = Piano.mf.C8.aiff; sourceTree = "<group>"; };
		FAA9D7B4212EC0FE00F888B5 /* E.wav */ = {isa = PBXFileReference; lastKnownFileType = audio.wav; path = E.wav; sourceTree = "<group>"; };
		FAA9D7B5212EC0FF00F888B5 /* Bb.wav */ = {isa = PBXFileReference; lastKnownFileType = audio.wav; path = Bb.wav; sourceTree = "<group>"; };
		FAA9D7B6212EC10100F888B5 /* Cc.wav */ = {isa = PBXFileReference; lastKnownFileType = audio.wav; path = Cc.wav; sourceTree = "<group>"; };
		FAA9D7B7212EC10200F888B5 /* A.wav */ = {isa = PBXFileReference; lastKnownFileType = audio.wav; path = A.wav; sourceTree = "<group>"; };
		FAA9D7B8212EC10400F888B5 /* Dd.wav */ = {isa = PBXFileReference; lastKnownFileType = audio.wav; path = Dd.wav; sourceTree = "<group>"; };
		FAA9D7B9212EC10500F888B5 /* Ff.wav */ = {isa = PBXFileReference; lastKnownFileType = audio.wav; path = Ff.wav; sourceTree = "<group>"; };
		FAA9D7BA212EC10600F888B5 /* B.wav */ = {isa = PBXFileReference; lastKnownFileType = audio.wav; path = B.wav; sourceTree = "<group>"; };
		FAA9D7BB212EC10700F888B5 /* Gg.wav */ = {isa = PBXFileReference; lastKnownFileType = audio.wav; path = Gg.wav; sourceTree = "<group>"; };
/* End PBXFileReference section */

/* Begin PBXFrameworksBuildPhase section */
		FAA9D792212EC05200F888B5 /* Frameworks */ = {
			isa = PBXFrameworksBuildPhase;
			buildActionMask = 2147483647;
			files = (
			);
			runOnlyForDeploymentPostprocessing = 0;
		};
/* End PBXFrameworksBuildPhase section */

/* Begin PBXGroup section */
		FAA9D78C212EC05200F888B5 = {
			isa = PBXGroup;
			children = (
				FAA9D797212EC05200F888B5 /* IOS-Swift-OneOctavePiano */,
				FAA9D796212EC05200F888B5 /* Products */,
			);
			sourceTree = "<group>";
		};
		FAA9D796212EC05200F888B5 /* Products */ = {
			isa = PBXGroup;
			children = (
				FAA9D795212EC05200F888B5 /* IOS-Swift-OneOctavePiano.app */,
			);
			name = Products;
			sourceTree = "<group>";
		};
		FAA9D797212EC05200F888B5 /* IOS-Swift-OneOctavePiano */ = {
			isa = PBXGroup;
			children = (
				FAA9D798212EC05300F888B5 /* AppDelegate.swift */,
				FAA9D7AA212EC08300F888B5 /* Musics */,
				FAA9D79A212EC05300F888B5 /* ViewController.swift */,
				FAA9D79C212EC05300F888B5 /* Main.storyboard */,
				FAA9D79F212EC05A00F888B5 /* Assets.xcassets */,
				FAA9D7A1212EC05A00F888B5 /* LaunchScreen.storyboard */,
				FAA9D7A4212EC05A00F888B5 /* Info.plist */,
			);
			path = "IOS-Swift-OneOctavePiano";
			sourceTree = "<group>";
		};
		FAA9D7AA212EC08300F888B5 /* Musics */ = {
			isa = PBXGroup;
			children = (
				FAA9D7B7212EC10200F888B5 /* A.wav */,
				FAA9D7AB212EC0F300F888B5 /* Aa.wav */,
				FAA9D7BA212EC10600F888B5 /* B.wav */,
				FAA9D7B5212EC0FF00F888B5 /* Bb.wav */,
				FAA9D7AC212EC0F400F888B5 /* C.wav */,
				FAA9D7B1212EC0F900F888B5 /* C3.wav */,
				FAA9D7AD212EC0F500F888B5 /* C4.wav */,
				FAA9D7B6212EC10100F888B5 /* Cc.wav */,
				FAA9D7B2212EC0FA00F888B5 /* D.wav */,
				FAA9D7B8212EC10400F888B5 /* Dd.wav */,
				FAA9D7B4212EC0FE00F888B5 /* E.wav */,
				FAA9D7AE212EC0F600F888B5 /* Ee.wav */,
				FAA9D7AF212EC0F700F888B5 /* F.wav */,
				FAA9D7B9212EC10500F888B5 /* Ff.wav */,
				FAA9D7B0212EC0F800F888B5 /* G.wav */,
				FAA9D7BB212EC10700F888B5 /* Gg.wav */,
				FAA9D7B3212EC0FC00F888B5 /* Piano.mf.C8.aiff */,
			);
			path = Musics;
			sourceTree = "<group>";
		};
/* End PBXGroup section */

/* Begin PBXNativeTarget section */
		FAA9D794212EC05200F888B5 /* IOS-Swift-OneOctavePiano */ = {
			isa = PBXNativeTarget;
			buildConfigurationList = FAA9D7A7212EC05A00F888B5 /* Build configuration list for PBXNativeTarget "IOS-Swift-OneOctavePiano" */;
			buildPhases = (
				FAA9D791212EC05200F888B5 /* Sources */,
				FAA9D792212EC05200F888B5 /* Frameworks */,
				FAA9D793212EC05200F888B5 /* Resources */,
			);
			buildRules = (
			);
			dependencies = (
			);
			name = "IOS-Swift-OneOctavePiano";
			productName = "IOS-Swift-OneOctavePiano";
			productReference = FAA9D795212EC05200F888B5 /* IOS-Swift-OneOctavePiano.app */;
			productType = "com.apple.product-type.application";
		};
/* End PBXNativeTarget section */

/* Begin PBXProject section */
		FAA9D78D212EC05200F888B5 /* Project object */ = {
			isa = PBXProject;
			attributes = {
				LastSwiftUpdateCheck = 0940;
				LastUpgradeCheck = 0940;
				ORGANIZATIONNAME = Pooya;
				TargetAttributes = {
					FAA9D794212EC05200F888B5 = {
						CreatedOnToolsVersion = 9.4.1;
					};
				};
			};
			buildConfigurationList = FAA9D790212EC05200F888B5 /* Build configuration list for PBXProject "IOS-Swift-OneOctavePiano" */;
			compatibilityVersion = "Xcode 9.3";
			developmentRegion = en;
			hasScannedForEncodings = 0;
			knownRegions = (
				en,
				Base,
			);
			mainGroup = FAA9D78C212EC05200F888B5;
			productRefGroup = FAA9D796212EC05200F888B5 /* Products */;
			projectDirPath = "";
			projectRoot = "";
			targets = (
				FAA9D794212EC05200F888B5 /* IOS-Swift-OneOctavePiano */,
			);
		};
/* End PBXProject section */

/* Begin PBXResourcesBuildPhase section */
		FAA9D793212EC05200F888B5 /* Resources */ = {
			isa = PBXResourcesBuildPhase;
			buildActionMask = 2147483647;
			files = (
				FAA9D7CC212EC10800F888B5 /* Gg.wav in Resources */,
				FAA9D7C7212EC10800F888B5 /* Cc.wav in Resources */,
				FAA9D7C6212EC10800F888B5 /* Bb.wav in Resources */,
				FAA9D7C9212EC10800F888B5 /* Dd.wav in Resources */,
				FAA9D7C8212EC10800F888B5 /* A.wav in Resources */,
				FAA9D7C3212EC10800F888B5 /* D.wav in Resources */,
				FAA9D7C2212EC10800F888B5 /* C3.wav in Resources */,
				FAA9D7CA212EC10800F888B5 /* Ff.wav in Resources */,
				FAA9D7C1212EC10800F888B5 /* G.wav in Resources */,
				FAA9D7BC212EC10800F888B5 /* Aa.wav in Resources */,
				FAA9D7A3212EC05A00F888B5 /* LaunchScreen.storyboard in Resources */,
				FAA9D7C4212EC10800F888B5 /* Piano.mf.C8.aiff in Resources */,
				FAA9D7BF212EC10800F888B5 /* Ee.wav in Resources */,
				FAA9D7CB212EC10800F888B5 /* B.wav in Resources */,
				FAA9D7A0212EC05A00F888B5 /* Assets.xcassets in Resources */,
				FAA9D79E212EC05300F888B5 /* Main.storyboard in Resources */,
				FAA9D7C5212EC10800F888B5 /* E.wav in Resources */,
				FAA9D7BD212EC10800F888B5 /* C.wav in Resources */,
				FAA9D7BE212EC10800F888B5 /* C4.wav in Resources */,
				FAA9D7C0212EC10800F888B5 /* F.wav in Resources */,
			);
			runOnlyForDeploymentPostprocessing = 0;
		};
/* End PBXResourcesBuildPhase section */

/* Begin PBXSourcesBuildPhase section */
		FAA9D791212EC05200F888B5 /* Sources */ = {
			isa = PBXSourcesBuildPhase;
			buildActionMask = 2147483647;
			files = (
				FAA9D79B212EC05300F888B5 /* ViewController.swift in Sources */,
				FAA9D799212EC05300F888B5 /* AppDelegate.swift in Sources */,
			);
			runOnlyForDeploymentPostprocessing = 0;
		};
/* End PBXSourcesBuildPhase section */

/* Begin PBXVariantGroup section */
		FAA9D79C212EC05300F888B5 /* Main.storyboard */ = {
			isa = PBXVariantGroup;
			children = (
				FAA9D79D212EC05300F888B5 /* Base */,
			);
			name = Main.storyboard;
			sourceTree = "<group>";
		};
		FAA9D7A1212EC05A00F888B5 /* LaunchScreen.storyboard */ = {
			isa = PBXVariantGroup;
			children = (
				FAA9D7A2212EC05A00F888B5 /* Base */,
			);
			name = LaunchScreen.storyboard;
			sourceTree = "<group>";
		};
/* End PBXVariantGroup section */

/* Begin XCBuildConfiguration section */
		FAA9D7A5212EC05A00F888B5 /* Debug */ = {
			isa = XCBuildConfiguration;
			buildSettings = {
				ALWAYS_SEARCH_USER_PATHS = NO;
				CLANG_ANALYZER_NONNULL = YES;
				CLANG_ANALYZER_NUMBER_OBJECT_CONVERSION = YES_AGGRESSIVE;
				CLANG_CXX_LANGUAGE_STANDARD = "gnu++14";
				CLANG_CXX_LIBRARY = "libc++";
				CLANG_ENABLE_MODULES = YES;
				CLANG_ENABLE_OBJC_ARC = YES;
				CLANG_ENABLE_OBJC_WEAK = YES;
				CLANG_WARN_BLOCK_CAPTURE_AUTORELEASING = YES;
				CLANG_WARN_BOOL_CONVERSION = YES;
				CLANG_WARN_COMMA = YES;
				CLANG_WARN_CONSTANT_CONVERSION = YES;
				CLANG_WARN_DEPRECATED_OBJC_IMPLEMENTATIONS = YES;
				CLANG_WARN_DIRECT_OBJC_ISA_USAGE = YES_ERROR;
				CLANG_WARN_DOCUMENTATION_COMMENTS = YES;
				CLANG_WARN_EMPTY_BODY = YES;
				CLANG_WARN_ENUM_CONVERSION = YES;
				CLANG_WARN_INFINITE_RECURSION = YES;
				CLANG_WARN_INT_CONVERSION = YES;
				CLANG_WARN_NON_LITERAL_NULL_CONVERSION = YES;
				CLANG_WARN_OBJC_IMPLICIT_RETAIN_SELF = YES;
				CLANG_WARN_OBJC_LITERAL_CONVERSION = YES;
				CLANG_WARN_OBJC_ROOT_CLASS = YES_ERROR;
				CLANG_WARN_RANGE_LOOP_ANALYSIS = YES;
				CLANG_WARN_STRICT_PROTOTYPES = YES;
				CLANG_WARN_SUSPICIOUS_MOVE = YES;
				CLANG_WARN_UNGUARDED_AVAILABILITY = YES_AGGRESSIVE;
				CLANG_WARN_UNREACHABLE_CODE = YES;
				CLANG_WARN__DUPLICATE_METHOD_MATCH = YES;
				CODE_SIGN_IDENTITY = "iPhone Developer";
				COPY_PHASE_STRIP = NO;
				DEBUG_INFORMATION_FORMAT = dwarf;
				ENABLE_STRICT_OBJC_MSGSEND = YES;
				ENABLE_TESTABILITY = YES;
				GCC_C_LANGUAGE_STANDARD = gnu11;
				GCC_DYNAMIC_NO_PIC = NO;
				GCC_NO_COMMON_BLOCKS = YES;
				GCC_OPTIMIZATION_LEVEL = 0;
				GCC_PREPROCESSOR_DEFINITIONS = (
					"DEBUG=1",
					"$(inherited)",
				);
				GCC_WARN_64_TO_32_BIT_CONVERSION = YES;
				GCC_WARN_ABOUT_RETURN_TYPE = YES_ERROR;
				GCC_WARN_UNDECLARED_SELECTOR = YES;
				GCC_WARN_UNINITIALIZED_AUTOS = YES_AGGRESSIVE;
				GCC_WARN_UNUSED_FUNCTION = YES;
				GCC_WARN_UNUSED_VARIABLE = YES;
				IPHONEOS_DEPLOYMENT_TARGET = 11.4;
				MTL_ENABLE_DEBUG_INFO = YES;
				ONLY_ACTIVE_ARCH = YES;
				SDKROOT = iphoneos;
				SWIFT_ACTIVE_COMPILATION_CONDITIONS = DEBUG;
				SWIFT_OPTIMIZATION_LEVEL = "-Onone";
			};
			name = Debug;
		};
		FAA9D7A6212EC05A00F888B5 /* Release */ = {
			isa = XCBuildConfiguration;
			buildSettings = {
				ALWAYS_SEARCH_USER_PATHS = NO;
				CLANG_ANALYZER_NONNULL = YES;
				CLANG_ANALYZER_NUMBER_OBJECT_CONVERSION = YES_AGGRESSIVE;
				CLANG_CXX_LANGUAGE_STANDARD = "gnu++14";
				CLANG_CXX_LIBRARY = "libc++";
				CLANG_ENABLE_MODULES = YES;
				CLANG_ENABLE_OBJC_ARC = YES;
				CLANG_ENABLE_OBJC_WEAK = YES;
				CLANG_WARN_BLOCK_CAPTURE_AUTORELEASING = YES;
				CLANG_WARN_BOOL_CONVERSION = YES;
				CLANG_WARN_COMMA = YES;
				CLANG_WARN_CONSTANT_CONVERSION = YES;
				CLANG_WARN_DEPRECATED_OBJC_IMPLEMENTATIONS = YES;
				CLANG_WARN_DIRECT_OBJC_ISA_USAGE = YES_ERROR;
				CLANG_WARN_DOCUMENTATION_COMMENTS = YES;
				CLANG_WARN_EMPTY_BODY = YES;
				CLANG_WARN_ENUM_CONVERSION = YES;
				CLANG_WARN_INFINITE_RECURSION = YES;
				CLANG_WARN_INT_CONVERSION = YES;
				CLANG_WARN_NON_LITERAL_NULL_CONVERSION = YES;
				CLANG_WARN_OBJC_IMPLICIT_RETAIN_SELF = YES;
				CLANG_WARN_OBJC_LITERAL_CONVERSION = YES;
				CLANG_WARN_OBJC_ROOT_CLASS = YES_ERROR;
				CLANG_WARN_RANGE_LOOP_ANALYSIS = YES;
				CLANG_WARN_STRICT_PROTOTYPES = YES;
				CLANG_WARN_SUSPICIOUS_MOVE = YES;
				CLANG_WARN_UNGUARDED_AVAILABILITY = YES_AGGRESSIVE;
				CLANG_WARN_UNREACHABLE_CODE = YES;
				CLANG_WARN__DUPLICATE_METHOD_MATCH = YES;
				CODE_SIGN_IDENTITY = "iPhone Developer";
				COPY_PHASE_STRIP = NO;
				DEBUG_INFORMATION_FORMAT = "dwarf-with-dsym";
				ENABLE_NS_ASSERTIONS = NO;
				ENABLE_STRICT_OBJC_MSGSEND = YES;
				GCC_C_LANGUAGE_STANDARD = gnu11;
				GCC_NO_COMMON_BLOCKS = YES;
				GCC_WARN_64_TO_32_BIT_CONVERSION = YES;
				GCC_WARN_ABOUT_RETURN_TYPE = YES_ERROR;
				GCC_WARN_UNDECLARED_SELECTOR = YES;
				GCC_WARN_UNINITIALIZED_AUTOS = YES_AGGRESSIVE;
				GCC_WARN_UNUSED_FUNCTION = YES;
				GCC_WARN_UNUSED_VARIABLE = YES;
				IPHONEOS_DEPLOYMENT_TARGET = 11.4;
				MTL_ENABLE_DEBUG_INFO = NO;
				SDKROOT = iphoneos;
				SWIFT_COMPILATION_MODE = wholemodule;
				SWIFT_OPTIMIZATION_LEVEL = "-O";
				VALIDATE_PRODUCT = YES;
			};
			name = Release;
		};
		FAA9D7A8212EC05A00F888B5 /* Debug */ = {
			isa = XCBuildConfiguration;
			buildSettings = {
				ASSETCATALOG_COMPILER_APPICON_NAME = AppIcon;
				CODE_SIGN_STYLE = Automatic;
				INFOPLIST_FILE = "IOS-Swift-OneOctavePiano/Info.plist";
				LD_RUNPATH_SEARCH_PATHS = (
					"$(inherited)",
					"@executable_path/Frameworks",
				);
				PRODUCT_BUNDLE_IDENTIFIER = "com.pooya.brain.dev.IOS-Swift-OneOctavePiano";
				PRODUCT_NAME = "$(TARGET_NAME)";
				SWIFT_VERSION = 4.0;
				TARGETED_DEVICE_FAMILY = "1,2";
			};
			name = Debug;
		};
		FAA9D7A9212EC05A00F888B5 /* Release */ = {
			isa = XCBuildConfiguration;
			buildSettings = {
				ASSETCATALOG_COMPILER_APPICON_NAME = AppIcon;
				CODE_SIGN_STYLE = Automatic;
				INFOPLIST_FILE = "IOS-Swift-OneOctavePiano/Info.plist";
				LD_RUNPATH_SEARCH_PATHS = (
					"$(inherited)",
					"@executable_path/Frameworks",
				);
				PRODUCT_BUNDLE_IDENTIFIER = "com.pooya.brain.dev.IOS-Swift-OneOctavePiano";
				PRODUCT_NAME = "$(TARGET_NAME)";
				SWIFT_VERSION = 4.0;
				TARGETED_DEVICE_FAMILY = "1,2";
			};
			name = Release;
		};
/* End XCBuildConfiguration section */

/* Begin XCConfigurationList section */
		FAA9D790212EC05200F888B5 /* Build configuration list for PBXProject "IOS-Swift-OneOctavePiano" */ = {
			isa = XCConfigurationList;
			buildConfigurations = (
				FAA9D7A5212EC05A00F888B5 /* Debug */,
				FAA9D7A6212EC05A00F888B5 /* Release */,
			);
			defaultConfigurationIsVisible = 0;
			defaultConfigurationName = Release;
		};
		FAA9D7A7212EC05A00F888B5 /* Build configuration list for PBXNativeTarget "IOS-Swift-OneOctavePiano" */ = {
			isa = XCConfigurationList;
			buildConfigurations = (
				FAA9D7A8212EC05A00F888B5 /* Debug */,
				FAA9D7A9212EC05A00F888B5 /* Release */,
			);
			defaultConfigurationIsVisible = 0;
			defaultConfigurationName = Release;
		};
/* End XCConfigurationList section */
	};
	rootObject = FAA9D78D212EC05200F888B5 /* Project object */;
}
